// !$*UTF8*$!
{
	archiveVersion = 1;
	classes = {
	};
	objectVersion = 46;
	objects = {

/* Begin PBXBuildFile section */
		830EF8EB153880A100394C57 /* Foundation.framework in Frameworks */ = {isa = PBXBuildFile; fileRef = 838CA66D152DB08F0013C064 /* Foundation.framework */; };
		830EF8F1153880A100394C57 /* TipiOS.m in Sources */ = {isa = PBXBuildFile; fileRef = 830EF8F0153880A100394C57 /* TipiOS.m */; };
		830EF8F6153880E000394C57 /* amalloc.c in Sources */ = {isa = PBXBuildFile; fileRef = 838CA694152DB8A10013C064 /* amalloc.c */; };
		830EF8F7153880E000394C57 /* basename.c in Sources */ = {isa = PBXBuildFile; fileRef = 838CA696152DB8A10013C064 /* basename.c */; };
		830EF8F8153880E000394C57 /* Csio.c in Sources */ = {isa = PBXBuildFile; fileRef = 838CA69B152DB8A10013C064 /* Csio.c */; };
		830EF8F9153880E000394C57 /* css.c in Sources */ = {isa = PBXBuildFile; fileRef = 838CA69C152DB8A10013C064 /* css.c */; };
		830EF8FA153880E000394C57 /* docheader.c in Sources */ = {isa = PBXBuildFile; fileRef = 838CA69E152DB8A10013C064 /* docheader.c */; };
		830EF8FB153880E000394C57 /* dumptree.c in Sources */ = {isa = PBXBuildFile; fileRef = 838CA69F152DB8A10013C064 /* dumptree.c */; };
		830EF8FC153880E000394C57 /* emmatch.c in Sources */ = {isa = PBXBuildFile; fileRef = 838CA6A0152DB8A10013C064 /* emmatch.c */; };
		830EF8FD153880E000394C57 /* flags.c in Sources */ = {isa = PBXBuildFile; fileRef = 838CA6A1152DB8A10013C064 /* flags.c */; };
		830EF8FE153880E000394C57 /* generate.c in Sources */ = {isa = PBXBuildFile; fileRef = 838CA6A2152DB8A10013C064 /* generate.c */; };
		830EF8FF153880E000394C57 /* html5.c in Sources */ = {isa = PBXBuildFile; fileRef = 838CA6A3152DB8A10013C064 /* html5.c */; };
		830EF900153880E000394C57 /* markdown.c in Sources */ = {isa = PBXBuildFile; fileRef = 838CA6AC152DB8A10013C064 /* markdown.c */; };
		830EF901153880E000394C57 /* mkdio.c in Sources */ = {isa = PBXBuildFile; fileRef = 838CA6B4152DB8A10013C064 /* mkdio.c */; };
		830EF902153880E000394C57 /* resource.c in Sources */ = {isa = PBXBuildFile; fileRef = 838CA6BD152DB8A10013C064 /* resource.c */; };
		830EF903153880E000394C57 /* setup.c in Sources */ = {isa = PBXBuildFile; fileRef = 838CA6BE152DB8A10013C064 /* setup.c */; };
		830EF904153880E000394C57 /* tags.c in Sources */ = {isa = PBXBuildFile; fileRef = 838CA6BF152DB8A10013C064 /* tags.c */; };
		830EF905153880E000394C57 /* toc.c in Sources */ = {isa = PBXBuildFile; fileRef = 838CA6EF152DB8A10013C064 /* toc.c */; };
		830EF906153880E000394C57 /* xml.c in Sources */ = {isa = PBXBuildFile; fileRef = 838CA6F6152DB8A10013C064 /* xml.c */; };
		830EF907153880E000394C57 /* xmlpage.c in Sources */ = {isa = PBXBuildFile; fileRef = 838CA6F7152DB8A10013C064 /* xmlpage.c */; };
		830EF908153880E000394C57 /* discountWrapper.m in Sources */ = {isa = PBXBuildFile; fileRef = 838CA700152DB8A10013C064 /* discountWrapper.m */; };
		830EF909153880E000394C57 /* markdownWrapper.c in Sources */ = {isa = PBXBuildFile; fileRef = 838CA701152DB8A10013C064 /* markdownWrapper.c */; };
		830EF90A153880E000394C57 /* mkdioWrapper.c in Sources */ = {isa = PBXBuildFile; fileRef = 838CA703152DB8A10013C064 /* mkdioWrapper.c */; };
		830EF90B153880E000394C57 /* RegexKitLite.m in Sources */ = {isa = PBXBuildFile; fileRef = 838CA68B152DB59F0013C064 /* RegexKitLite.m */; settings = {COMPILER_FLAGS = "-fno-objc-arc"; }; };
		830EF90C153880E000394C57 /* NSString+Tipi.m in Sources */ = {isa = PBXBuildFile; fileRef = 838CA688152DB55C0013C064 /* NSString+Tipi.m */; };
		830EF90D153880E000394C57 /* NSArray+Tipi.m in Sources */ = {isa = PBXBuildFile; fileRef = 83DC136F15305157005FCB72 /* NSArray+Tipi.m */; };
		830EF90E153880E000394C57 /* TPDataParser.m in Sources */ = {isa = PBXBuildFile; fileRef = 838CA67D152DB0DA0013C064 /* TPDataParser.m */; };
		830EF90F153880E000394C57 /* TPTextDataParser.m in Sources */ = {isa = PBXBuildFile; fileRef = 838CA680152DB11E0013C064 /* TPTextDataParser.m */; };
		830EF910153880E000394C57 /* TPMarkdownDataParser.m in Sources */ = {isa = PBXBuildFile; fileRef = 838CA690152DB7BB0013C064 /* TPMarkdownDataParser.m */; };
		830EF911153880E000394C57 /* TPTemplateParser.m in Sources */ = {isa = PBXBuildFile; fileRef = 838CA725152DBEEB0013C064 /* TPTemplateParser.m */; };
		830EF912153880E000394C57 /* TPTemplateNode.m in Sources */ = {isa = PBXBuildFile; fileRef = 838CA728152DC02D0013C064 /* TPTemplateNode.m */; };
		830EF91A1538816300394C57 /* Cocoa.framework in Frameworks */ = {isa = PBXBuildFile; fileRef = 830EF9191538816300394C57 /* Cocoa.framework */; };
		830EF9241538816300394C57 /* TipiOSX.m in Sources */ = {isa = PBXBuildFile; fileRef = 830EF9231538816300394C57 /* TipiOSX.m */; };
		830EF9291538816D00394C57 /* libicucore.dylib in Frameworks */ = {isa = PBXBuildFile; fileRef = 830EF9281538816D00394C57 /* libicucore.dylib */; };
		830EF92A1538818600394C57 /* amalloc.c in Sources */ = {isa = PBXBuildFile; fileRef = 838CA694152DB8A10013C064 /* amalloc.c */; };
		830EF92B1538818600394C57 /* basename.c in Sources */ = {isa = PBXBuildFile; fileRef = 838CA696152DB8A10013C064 /* basename.c */; };
		830EF92C1538818600394C57 /* Csio.c in Sources */ = {isa = PBXBuildFile; fileRef = 838CA69B152DB8A10013C064 /* Csio.c */; };
		830EF92D1538818600394C57 /* css.c in Sources */ = {isa = PBXBuildFile; fileRef = 838CA69C152DB8A10013C064 /* css.c */; };
		830EF92E1538818600394C57 /* docheader.c in Sources */ = {isa = PBXBuildFile; fileRef = 838CA69E152DB8A10013C064 /* docheader.c */; };
		830EF92F1538818600394C57 /* dumptree.c in Sources */ = {isa = PBXBuildFile; fileRef = 838CA69F152DB8A10013C064 /* dumptree.c */; };
		830EF9301538818600394C57 /* emmatch.c in Sources */ = {isa = PBXBuildFile; fileRef = 838CA6A0152DB8A10013C064 /* emmatch.c */; };
		830EF9311538818600394C57 /* flags.c in Sources */ = {isa = PBXBuildFile; fileRef = 838CA6A1152DB8A10013C064 /* flags.c */; };
		830EF9321538818600394C57 /* generate.c in Sources */ = {isa = PBXBuildFile; fileRef = 838CA6A2152DB8A10013C064 /* generate.c */; };
		830EF9331538818600394C57 /* html5.c in Sources */ = {isa = PBXBuildFile; fileRef = 838CA6A3152DB8A10013C064 /* html5.c */; };
		830EF9341538818600394C57 /* markdown.c in Sources */ = {isa = PBXBuildFile; fileRef = 838CA6AC152DB8A10013C064 /* markdown.c */; };
		830EF9351538818600394C57 /* mkdio.c in Sources */ = {isa = PBXBuildFile; fileRef = 838CA6B4152DB8A10013C064 /* mkdio.c */; };
		830EF9361538818600394C57 /* resource.c in Sources */ = {isa = PBXBuildFile; fileRef = 838CA6BD152DB8A10013C064 /* resource.c */; };
		830EF9371538818600394C57 /* setup.c in Sources */ = {isa = PBXBuildFile; fileRef = 838CA6BE152DB8A10013C064 /* setup.c */; };
		830EF9381538818600394C57 /* tags.c in Sources */ = {isa = PBXBuildFile; fileRef = 838CA6BF152DB8A10013C064 /* tags.c */; };
		830EF9391538818600394C57 /* toc.c in Sources */ = {isa = PBXBuildFile; fileRef = 838CA6EF152DB8A10013C064 /* toc.c */; };
		830EF93A1538818600394C57 /* xml.c in Sources */ = {isa = PBXBuildFile; fileRef = 838CA6F6152DB8A10013C064 /* xml.c */; };
		830EF93B1538818600394C57 /* xmlpage.c in Sources */ = {isa = PBXBuildFile; fileRef = 838CA6F7152DB8A10013C064 /* xmlpage.c */; };
		830EF93C1538818600394C57 /* discountWrapper.m in Sources */ = {isa = PBXBuildFile; fileRef = 838CA700152DB8A10013C064 /* discountWrapper.m */; };
		830EF93D1538818600394C57 /* markdownWrapper.c in Sources */ = {isa = PBXBuildFile; fileRef = 838CA701152DB8A10013C064 /* markdownWrapper.c */; };
		830EF93E1538818600394C57 /* mkdioWrapper.c in Sources */ = {isa = PBXBuildFile; fileRef = 838CA703152DB8A10013C064 /* mkdioWrapper.c */; };
		830EF93F1538818600394C57 /* RegexKitLite.m in Sources */ = {isa = PBXBuildFile; fileRef = 838CA68B152DB59F0013C064 /* RegexKitLite.m */; settings = {COMPILER_FLAGS = "-fno-objc-arc"; }; };
		830EF9401538818600394C57 /* NSString+Tipi.m in Sources */ = {isa = PBXBuildFile; fileRef = 838CA688152DB55C0013C064 /* NSString+Tipi.m */; };
		830EF9411538818600394C57 /* NSArray+Tipi.m in Sources */ = {isa = PBXBuildFile; fileRef = 83DC136F15305157005FCB72 /* NSArray+Tipi.m */; };
		830EF9421538818600394C57 /* TPDataParser.m in Sources */ = {isa = PBXBuildFile; fileRef = 838CA67D152DB0DA0013C064 /* TPDataParser.m */; };
		830EF9431538818600394C57 /* TPTextDataParser.m in Sources */ = {isa = PBXBuildFile; fileRef = 838CA680152DB11E0013C064 /* TPTextDataParser.m */; };
		830EF9441538818600394C57 /* TPMarkdownDataParser.m in Sources */ = {isa = PBXBuildFile; fileRef = 838CA690152DB7BB0013C064 /* TPMarkdownDataParser.m */; };
		830EF9451538818600394C57 /* TPTemplateParser.m in Sources */ = {isa = PBXBuildFile; fileRef = 838CA725152DBEEB0013C064 /* TPTemplateParser.m */; };
		830EF9461538818600394C57 /* TPTemplateNode.m in Sources */ = {isa = PBXBuildFile; fileRef = 838CA728152DC02D0013C064 /* TPTemplateNode.m */; };
		830EF947153881A500394C57 /* libicucore.dylib in Frameworks */ = {isa = PBXBuildFile; fileRef = 838CA68D152DB6920013C064 /* libicucore.dylib */; };
		830EF948153881B100394C57 /* libTipiOSX.a in Frameworks */ = {isa = PBXBuildFile; fileRef = 830EF9181538816300394C57 /* libTipiOSX.a */; };
		838CA66E152DB08F0013C064 /* Foundation.framework in Frameworks */ = {isa = PBXBuildFile; fileRef = 838CA66D152DB08F0013C064 /* Foundation.framework */; };
		838CA671152DB08F0013C064 /* main.m in Sources */ = {isa = PBXBuildFile; fileRef = 838CA670152DB08F0013C064 /* main.m */; };
		838CA675152DB08F0013C064 /* Tipi.1 in CopyFiles */ = {isa = PBXBuildFile; fileRef = 838CA674152DB08F0013C064 /* Tipi.1 */; };
		838CA68E152DB6920013C064 /* libicucore.dylib in Frameworks */ = {isa = PBXBuildFile; fileRef = 838CA68D152DB6920013C064 /* libicucore.dylib */; };
/* End PBXBuildFile section */

/* Begin PBXCopyFilesBuildPhase section */
		838CA667152DB08F0013C064 /* CopyFiles */ = {
			isa = PBXCopyFilesBuildPhase;
			buildActionMask = 2147483647;
			dstPath = /usr/share/man/man1/;
			dstSubfolderSpec = 0;
			files = (
				838CA675152DB08F0013C064 /* Tipi.1 in CopyFiles */,
			);
			runOnlyForDeploymentPostprocessing = 1;
		};
/* End PBXCopyFilesBuildPhase section */

/* Begin PBXFileReference section */
		830EF8EA153880A100394C57 /* libTipiOS.a */ = {isa = PBXFileReference; explicitFileType = archive.ar; includeInIndex = 0; path = libTipiOS.a; sourceTree = BUILT_PRODUCTS_DIR; };
		830EF8EE153880A100394C57 /* TipiOS-Prefix.pch */ = {isa = PBXFileReference; lastKnownFileType = sourcecode.c.h; path = "TipiOS-Prefix.pch"; sourceTree = "<group>"; };
		830EF8EF153880A100394C57 /* TipiOS.h */ = {isa = PBXFileReference; lastKnownFileType = sourcecode.c.h; path = TipiOS.h; sourceTree = "<group>"; };
		830EF8F0153880A100394C57 /* TipiOS.m */ = {isa = PBXFileReference; lastKnownFileType = sourcecode.c.objc; path = TipiOS.m; sourceTree = "<group>"; };
		830EF9181538816300394C57 /* libTipiOSX.a */ = {isa = PBXFileReference; explicitFileType = archive.ar; includeInIndex = 0; path = libTipiOSX.a; sourceTree = BUILT_PRODUCTS_DIR; };
		830EF9191538816300394C57 /* Cocoa.framework */ = {isa = PBXFileReference; lastKnownFileType = wrapper.framework; name = Cocoa.framework; path = System/Library/Frameworks/Cocoa.framework; sourceTree = SDKROOT; };
		830EF91C1538816300394C57 /* AppKit.framework */ = {isa = PBXFileReference; lastKnownFileType = wrapper.framework; name = AppKit.framework; path = System/Library/Frameworks/AppKit.framework; sourceTree = SDKROOT; };
		830EF91D1538816300394C57 /* CoreData.framework */ = {isa = PBXFileReference; lastKnownFileType = wrapper.framework; name = CoreData.framework; path = System/Library/Frameworks/CoreData.framework; sourceTree = SDKROOT; };
		830EF91E1538816300394C57 /* Foundation.framework */ = {isa = PBXFileReference; lastKnownFileType = wrapper.framework; name = Foundation.framework; path = System/Library/Frameworks/Foundation.framework; sourceTree = SDKROOT; };
		830EF9211538816300394C57 /* TipiOSX-Prefix.pch */ = {isa = PBXFileReference; lastKnownFileType = sourcecode.c.h; path = "TipiOSX-Prefix.pch"; sourceTree = "<group>"; };
		830EF9221538816300394C57 /* TipiOSX.h */ = {isa = PBXFileReference; lastKnownFileType = sourcecode.c.h; path = TipiOSX.h; sourceTree = "<group>"; };
		830EF9231538816300394C57 /* TipiOSX.m */ = {isa = PBXFileReference; lastKnownFileType = sourcecode.c.objc; path = TipiOSX.m; sourceTree = "<group>"; };
		830EF9281538816D00394C57 /* libicucore.dylib */ = {isa = PBXFileReference; lastKnownFileType = "compiled.mach-o.dylib"; name = libicucore.dylib; path = Platforms/iPhoneOS.platform/Developer/SDKs/iPhoneOS5.1.sdk/usr/lib/libicucore.dylib; sourceTree = DEVELOPER_DIR; };
		831A8D1F153329DF00E36646 /* Test01.input */ = {isa = PBXFileReference; fileEncoding = 4; lastKnownFileType = text; path = Test01.input; sourceTree = "<group>"; };
		831A8D20153329DF00E36646 /* Test01.output */ = {isa = PBXFileReference; fileEncoding = 4; lastKnownFileType = text; path = Test01.output; sourceTree = "<group>"; };
		831A8D21153329DF00E36646 /* Test02.input */ = {isa = PBXFileReference; fileEncoding = 4; lastKnownFileType = text; path = Test02.input; sourceTree = "<group>"; };
		831A8D22153329DF00E36646 /* Test02.output */ = {isa = PBXFileReference; fileEncoding = 4; lastKnownFileType = text; path = Test02.output; sourceTree = "<group>"; };
		831A8D23153329DF00E36646 /* Test03.input */ = {isa = PBXFileReference; fileEncoding = 4; lastKnownFileType = text; path = Test03.input; sourceTree = "<group>"; };
		831A8D24153329DF00E36646 /* Test03.output */ = {isa = PBXFileReference; fileEncoding = 4; lastKnownFileType = text; path = Test03.output; sourceTree = "<group>"; };
		831A8D25153329DF00E36646 /* Test04.input */ = {isa = PBXFileReference; fileEncoding = 4; lastKnownFileType = text; path = Test04.input; sourceTree = "<group>"; };
		831A8D26153329DF00E36646 /* Test04.output */ = {isa = PBXFileReference; fileEncoding = 4; lastKnownFileType = text; path = Test04.output; sourceTree = "<group>"; };
		831A8D27153329DF00E36646 /* Test05.input */ = {isa = PBXFileReference; fileEncoding = 4; lastKnownFileType = text; path = Test05.input; sourceTree = "<group>"; };
		831A8D28153329DF00E36646 /* Test05.output */ = {isa = PBXFileReference; fileEncoding = 4; lastKnownFileType = text; path = Test05.output; sourceTree = "<group>"; };
		831A8D29153329DF00E36646 /* Test06.input */ = {isa = PBXFileReference; fileEncoding = 4; lastKnownFileType = text; path = Test06.input; sourceTree = "<group>"; };
		831A8D2A153329DF00E36646 /* Test06.output */ = {isa = PBXFileReference; fileEncoding = 4; lastKnownFileType = text; path = Test06.output; sourceTree = "<group>"; };
		831A8D2B153329DF00E36646 /* README.md */ = {isa = PBXFileReference; fileEncoding = 4; lastKnownFileType = text; path = README.md; sourceTree = "<group>"; };
		831A8D2C15332D8D00E36646 /* README.md */ = {isa = PBXFileReference; fileEncoding = 4; lastKnownFileType = text; path = README.md; sourceTree = SOURCE_ROOT; };
		831A8D2E15333F2B00E36646 /* Test01.input */ = {isa = PBXFileReference; fileEncoding = 4; lastKnownFileType = text; path = Test01.input; sourceTree = "<group>"; };
		831A8D3015333F2B00E36646 /* Test02.input */ = {isa = PBXFileReference; fileEncoding = 4; lastKnownFileType = text; path = Test02.input; sourceTree = "<group>"; };
		831A8D321533422D00E36646 /* Test01.import */ = {isa = PBXFileReference; fileEncoding = 4; lastKnownFileType = text; path = Test01.import; sourceTree = "<group>"; };
		831A8D331533422D00E36646 /* Test02.import */ = {isa = PBXFileReference; fileEncoding = 4; lastKnownFileType = text; path = Test02.import; sourceTree = "<group>"; };
		831A8D341533475B00E36646 /* Test01.output */ = {isa = PBXFileReference; fileEncoding = 4; lastKnownFileType = text; path = Test01.output; sourceTree = "<group>"; };
		831A8D351533475B00E36646 /* Test02.output */ = {isa = PBXFileReference; fileEncoding = 4; lastKnownFileType = text; path = Test02.output; sourceTree = "<group>"; };
		838CA669152DB08F0013C064 /* TipiTest */ = {isa = PBXFileReference; explicitFileType = "compiled.mach-o.executable"; includeInIndex = 0; path = TipiTest; sourceTree = BUILT_PRODUCTS_DIR; };
		838CA66D152DB08F0013C064 /* Foundation.framework */ = {isa = PBXFileReference; lastKnownFileType = wrapper.framework; name = Foundation.framework; path = System/Library/Frameworks/Foundation.framework; sourceTree = SDKROOT; };
		838CA670152DB08F0013C064 /* main.m */ = {isa = PBXFileReference; lastKnownFileType = sourcecode.c.objc; path = main.m; sourceTree = "<group>"; };
		838CA673152DB08F0013C064 /* Tipi-Prefix.pch */ = {isa = PBXFileReference; lastKnownFileType = sourcecode.c.h; path = "Tipi-Prefix.pch"; sourceTree = "<group>"; };
		838CA674152DB08F0013C064 /* Tipi.1 */ = {isa = PBXFileReference; lastKnownFileType = text.man; path = Tipi.1; sourceTree = "<group>"; };
		838CA67C152DB0DA0013C064 /* TPDataParser.h */ = {isa = PBXFileReference; fileEncoding = 4; lastKnownFileType = sourcecode.c.h; path = TPDataParser.h; sourceTree = "<group>"; };
		838CA67D152DB0DA0013C064 /* TPDataParser.m */ = {isa = PBXFileReference; fileEncoding = 4; lastKnownFileType = sourcecode.c.objc; path = TPDataParser.m; sourceTree = "<group>"; };
		838CA67F152DB11E0013C064 /* TPTextDataParser.h */ = {isa = PBXFileReference; fileEncoding = 4; lastKnownFileType = sourcecode.c.h; path = TPTextDataParser.h; sourceTree = "<group>"; };
		838CA680152DB11E0013C064 /* TPTextDataParser.m */ = {isa = PBXFileReference; fileEncoding = 4; lastKnownFileType = sourcecode.c.objc; path = TPTextDataParser.m; sourceTree = "<group>"; };
		838CA687152DB55C0013C064 /* NSString+Tipi.h */ = {isa = PBXFileReference; fileEncoding = 4; lastKnownFileType = sourcecode.c.h; path = "NSString+Tipi.h"; sourceTree = "<group>"; };
		838CA688152DB55C0013C064 /* NSString+Tipi.m */ = {isa = PBXFileReference; fileEncoding = 4; lastKnownFileType = sourcecode.c.objc; path = "NSString+Tipi.m"; sourceTree = "<group>"; };
		838CA68A152DB59F0013C064 /* RegexKitLite.h */ = {isa = PBXFileReference; fileEncoding = 4; lastKnownFileType = sourcecode.c.h; path = RegexKitLite.h; sourceTree = "<group>"; };
		838CA68B152DB59F0013C064 /* RegexKitLite.m */ = {isa = PBXFileReference; fileEncoding = 4; lastKnownFileType = sourcecode.c.objc; path = RegexKitLite.m; sourceTree = "<group>"; };
		838CA68D152DB6920013C064 /* libicucore.dylib */ = {isa = PBXFileReference; lastKnownFileType = "compiled.mach-o.dylib"; name = libicucore.dylib; path = usr/lib/libicucore.dylib; sourceTree = SDKROOT; };
		838CA68F152DB7BA0013C064 /* TPMarkdownDataParser.h */ = {isa = PBXFileReference; fileEncoding = 4; lastKnownFileType = sourcecode.c.h; path = TPMarkdownDataParser.h; sourceTree = "<group>"; };
		838CA690152DB7BB0013C064 /* TPMarkdownDataParser.m */ = {isa = PBXFileReference; fileEncoding = 4; lastKnownFileType = sourcecode.c.objc; path = TPMarkdownDataParser.m; sourceTree = "<group>"; };
		838CA694152DB8A10013C064 /* amalloc.c */ = {isa = PBXFileReference; fileEncoding = 4; lastKnownFileType = sourcecode.c.c; path = amalloc.c; sourceTree = "<group>"; };
		838CA695152DB8A10013C064 /* amalloc.h */ = {isa = PBXFileReference; fileEncoding = 4; lastKnownFileType = sourcecode.c.h; path = amalloc.h; sourceTree = "<group>"; };
		838CA696152DB8A10013C064 /* basename.c */ = {isa = PBXFileReference; fileEncoding = 4; lastKnownFileType = sourcecode.c.c; path = basename.c; sourceTree = "<group>"; };
		838CA69B152DB8A10013C064 /* Csio.c */ = {isa = PBXFileReference; fileEncoding = 4; lastKnownFileType = sourcecode.c.c; path = Csio.c; sourceTree = "<group>"; };
		838CA69C152DB8A10013C064 /* css.c */ = {isa = PBXFileReference; fileEncoding = 4; lastKnownFileType = sourcecode.c.c; path = css.c; sourceTree = "<group>"; };
		838CA69D152DB8A10013C064 /* cstring.h */ = {isa = PBXFileReference; fileEncoding = 4; lastKnownFileType = sourcecode.c.h; path = cstring.h; sourceTree = "<group>"; };
		838CA69E152DB8A10013C064 /* docheader.c */ = {isa = PBXFileReference; fileEncoding = 4; lastKnownFileType = sourcecode.c.c; path = docheader.c; sourceTree = "<group>"; };
		838CA69F152DB8A10013C064 /* dumptree.c */ = {isa = PBXFileReference; fileEncoding = 4; lastKnownFileType = sourcecode.c.c; path = dumptree.c; sourceTree = "<group>"; };
		838CA6A0152DB8A10013C064 /* emmatch.c */ = {isa = PBXFileReference; fileEncoding = 4; lastKnownFileType = sourcecode.c.c; path = emmatch.c; sourceTree = "<group>"; };
		838CA6A1152DB8A10013C064 /* flags.c */ = {isa = PBXFileReference; fileEncoding = 4; lastKnownFileType = sourcecode.c.c; path = flags.c; sourceTree = "<group>"; };
		838CA6A2152DB8A10013C064 /* generate.c */ = {isa = PBXFileReference; fileEncoding = 4; lastKnownFileType = sourcecode.c.c; path = generate.c; sourceTree = "<group>"; };
		838CA6A3152DB8A10013C064 /* html5.c */ = {isa = PBXFileReference; fileEncoding = 4; lastKnownFileType = sourcecode.c.c; path = html5.c; sourceTree = "<group>"; };
		838CA6AC152DB8A10013C064 /* markdown.c */ = {isa = PBXFileReference; fileEncoding = 4; lastKnownFileType = sourcecode.c.c; path = markdown.c; sourceTree = "<group>"; };
		838CA6AD152DB8A10013C064 /* markdown.h */ = {isa = PBXFileReference; fileEncoding = 4; lastKnownFileType = sourcecode.c.h; path = markdown.h; sourceTree = "<group>"; };
		838CA6B4152DB8A10013C064 /* mkdio.c */ = {isa = PBXFileReference; fileEncoding = 4; lastKnownFileType = sourcecode.c.c; path = mkdio.c; sourceTree = "<group>"; };
		838CA6BD152DB8A10013C064 /* resource.c */ = {isa = PBXFileReference; fileEncoding = 4; lastKnownFileType = sourcecode.c.c; path = resource.c; sourceTree = "<group>"; };
		838CA6BE152DB8A10013C064 /* setup.c */ = {isa = PBXFileReference; fileEncoding = 4; lastKnownFileType = sourcecode.c.c; path = setup.c; sourceTree = "<group>"; };
		838CA6BF152DB8A10013C064 /* tags.c */ = {isa = PBXFileReference; fileEncoding = 4; lastKnownFileType = sourcecode.c.c; path = tags.c; sourceTree = "<group>"; };
		838CA6C0152DB8A10013C064 /* tags.h */ = {isa = PBXFileReference; fileEncoding = 4; lastKnownFileType = sourcecode.c.h; path = tags.h; sourceTree = "<group>"; };
		838CA6EF152DB8A10013C064 /* toc.c */ = {isa = PBXFileReference; fileEncoding = 4; lastKnownFileType = sourcecode.c.c; path = toc.c; sourceTree = "<group>"; };
		838CA6F6152DB8A10013C064 /* xml.c */ = {isa = PBXFileReference; fileEncoding = 4; lastKnownFileType = sourcecode.c.c; path = xml.c; sourceTree = "<group>"; };
		838CA6F7152DB8A10013C064 /* xmlpage.c */ = {isa = PBXFileReference; fileEncoding = 4; lastKnownFileType = sourcecode.c.c; path = xmlpage.c; sourceTree = "<group>"; };
		838CA6F9152DB8A10013C064 /* config.h */ = {isa = PBXFileReference; fileEncoding = 4; lastKnownFileType = sourcecode.c.h; path = config.h; sourceTree = "<group>"; };
		838CA6FA152DB8A10013C064 /* mkdio.h */ = {isa = PBXFileReference; fileEncoding = 4; lastKnownFileType = sourcecode.c.h; path = mkdio.h; sourceTree = "<group>"; };
		838CA6FE152DB8A10013C064 /* Discount.h */ = {isa = PBXFileReference; fileEncoding = 4; lastKnownFileType = sourcecode.c.h; path = Discount.h; sourceTree = "<group>"; };
		838CA6FF152DB8A10013C064 /* discountWrapper.h */ = {isa = PBXFileReference; fileEncoding = 4; lastKnownFileType = sourcecode.c.h; path = discountWrapper.h; sourceTree = "<group>"; };
		838CA700152DB8A10013C064 /* discountWrapper.m */ = {isa = PBXFileReference; fileEncoding = 4; lastKnownFileType = sourcecode.c.objc; path = discountWrapper.m; sourceTree = "<group>"; };
		838CA701152DB8A10013C064 /* markdownWrapper.c */ = {isa = PBXFileReference; fileEncoding = 4; lastKnownFileType = sourcecode.c.c; path = markdownWrapper.c; sourceTree = "<group>"; };
		838CA702152DB8A10013C064 /* markdownWrapper.h */ = {isa = PBXFileReference; fileEncoding = 4; lastKnownFileType = sourcecode.c.h; path = markdownWrapper.h; sourceTree = "<group>"; };
		838CA703152DB8A10013C064 /* mkdioWrapper.c */ = {isa = PBXFileReference; fileEncoding = 4; lastKnownFileType = sourcecode.c.c; path = mkdioWrapper.c; sourceTree = "<group>"; };
		838CA704152DB8A10013C064 /* mkdioWrapper.h */ = {isa = PBXFileReference; fileEncoding = 4; lastKnownFileType = sourcecode.c.h; path = mkdioWrapper.h; sourceTree = "<group>"; };
		838CA724152DBEEB0013C064 /* TPTemplateParser.h */ = {isa = PBXFileReference; fileEncoding = 4; lastKnownFileType = sourcecode.c.h; path = TPTemplateParser.h; sourceTree = "<group>"; };
		838CA725152DBEEB0013C064 /* TPTemplateParser.m */ = {isa = PBXFileReference; fileEncoding = 4; lastKnownFileType = sourcecode.c.objc; path = TPTemplateParser.m; sourceTree = "<group>"; };
		838CA727152DC02D0013C064 /* TPTemplateNode.h */ = {isa = PBXFileReference; fileEncoding = 4; lastKnownFileType = sourcecode.c.h; path = TPTemplateNode.h; sourceTree = "<group>"; };
		838CA728152DC02D0013C064 /* TPTemplateNode.m */ = {isa = PBXFileReference; fileEncoding = 4; lastKnownFileType = sourcecode.c.objc; path = TPTemplateNode.m; sourceTree = "<group>"; };
		83DC136C153050D8005FCB72 /* Tipi.h */ = {isa = PBXFileReference; lastKnownFileType = sourcecode.c.h; path = Tipi.h; sourceTree = "<group>"; };
		83DC136E15305157005FCB72 /* NSArray+Tipi.h */ = {isa = PBXFileReference; fileEncoding = 4; lastKnownFileType = sourcecode.c.h; path = "NSArray+Tipi.h"; sourceTree = "<group>"; };
		83DC136F15305157005FCB72 /* NSArray+Tipi.m */ = {isa = PBXFileReference; fileEncoding = 4; lastKnownFileType = sourcecode.c.objc; path = "NSArray+Tipi.m"; sourceTree = "<group>"; };
/* End PBXFileReference section */

/* Begin PBXFrameworksBuildPhase section */
		830EF8E7153880A100394C57 /* Frameworks */ = {
			isa = PBXFrameworksBuildPhase;
			buildActionMask = 2147483647;
			files = (
				830EF9291538816D00394C57 /* libicucore.dylib in Frameworks */,
				830EF8EB153880A100394C57 /* Foundation.framework in Frameworks */,
			);
			runOnlyForDeploymentPostprocessing = 0;
		};
		830EF9151538816300394C57 /* Frameworks */ = {
			isa = PBXFrameworksBuildPhase;
			buildActionMask = 2147483647;
			files = (
				830EF947153881A500394C57 /* libicucore.dylib in Frameworks */,
				830EF91A1538816300394C57 /* Cocoa.framework in Frameworks */,
			);
			runOnlyForDeploymentPostprocessing = 0;
		};
		838CA666152DB08F0013C064 /* Frameworks */ = {
			isa = PBXFrameworksBuildPhase;
			buildActionMask = 2147483647;
			files = (
				830EF948153881B100394C57 /* libTipiOSX.a in Frameworks */,
				838CA68E152DB6920013C064 /* libicucore.dylib in Frameworks */,
				838CA66E152DB08F0013C064 /* Foundation.framework in Frameworks */,
			);
			runOnlyForDeploymentPostprocessing = 0;
		};
/* End PBXFrameworksBuildPhase section */

/* Begin PBXGroup section */
		830EF8EC153880A100394C57 /* TipiOS (iPhone, iPod touch, iPad) */ = {
			isa = PBXGroup;
			children = (
				830EF8EF153880A100394C57 /* TipiOS.h */,
				830EF8F0153880A100394C57 /* TipiOS.m */,
				830EF8ED153880A100394C57 /* Supporting Files */,
			);
			name = "TipiOS (iPhone, iPod touch, iPad)";
			path = TipiOS;
			sourceTree = "<group>";
		};
		830EF8ED153880A100394C57 /* Supporting Files */ = {
			isa = PBXGroup;
			children = (
				830EF8EE153880A100394C57 /* TipiOS-Prefix.pch */,
			);
			name = "Supporting Files";
			sourceTree = "<group>";
		};
		830EF9131538811400394C57 /* Test Harness */ = {
			isa = PBXGroup;
			children = (
				838CA670152DB08F0013C064 /* main.m */,
				838CA674152DB08F0013C064 /* Tipi.1 */,
				838CA672152DB08F0013C064 /* Supporting Files */,
			);
			name = "Test Harness";
			path = Tipi;
			sourceTree = "<group>";
		};
		830EF91B1538816300394C57 /* Other Frameworks */ = {
			isa = PBXGroup;
			children = (
				830EF91C1538816300394C57 /* AppKit.framework */,
				830EF91D1538816300394C57 /* CoreData.framework */,
				830EF91E1538816300394C57 /* Foundation.framework */,
			);
			name = "Other Frameworks";
			sourceTree = "<group>";
		};
		830EF91F1538816300394C57 /* TipiOSX (Lion) */ = {
			isa = PBXGroup;
			children = (
				830EF9221538816300394C57 /* TipiOSX.h */,
				830EF9231538816300394C57 /* TipiOSX.m */,
				830EF9201538816300394C57 /* Supporting Files */,
			);
			name = "TipiOSX (Lion)";
			path = TipiOSX;
			sourceTree = "<group>";
		};
		830EF9201538816300394C57 /* Supporting Files */ = {
			isa = PBXGroup;
			children = (
				830EF9211538816300394C57 /* TipiOSX-Prefix.pch */,
			);
			name = "Supporting Files";
			sourceTree = "<group>";
		};
		831A8D1C153329DF00E36646 /* Tipi Tests */ = {
			isa = PBXGroup;
			children = (
				831A8D2B153329DF00E36646 /* README.md */,
				831A8D2D15333F2B00E36646 /* import */,
				831A8D1E153329DF00E36646 /* basic */,
			);
			name = "Tipi Tests";
			path = Tests;
			sourceTree = SOURCE_ROOT;
		};
		831A8D1E153329DF00E36646 /* basic */ = {
			isa = PBXGroup;
			children = (
				831A8D1F153329DF00E36646 /* Test01.input */,
				831A8D20153329DF00E36646 /* Test01.output */,
				831A8D21153329DF00E36646 /* Test02.input */,
				831A8D22153329DF00E36646 /* Test02.output */,
				831A8D23153329DF00E36646 /* Test03.input */,
				831A8D24153329DF00E36646 /* Test03.output */,
				831A8D25153329DF00E36646 /* Test04.input */,
				831A8D26153329DF00E36646 /* Test04.output */,
				831A8D27153329DF00E36646 /* Test05.input */,
				831A8D28153329DF00E36646 /* Test05.output */,
				831A8D29153329DF00E36646 /* Test06.input */,
				831A8D2A153329DF00E36646 /* Test06.output */,
			);
			path = basic;
			sourceTree = "<group>";
		};
		831A8D2D15333F2B00E36646 /* import */ = {
			isa = PBXGroup;
			children = (
				831A8D321533422D00E36646 /* Test01.import */,
				831A8D2E15333F2B00E36646 /* Test01.input */,
				831A8D341533475B00E36646 /* Test01.output */,
				831A8D331533422D00E36646 /* Test02.import */,
				831A8D3015333F2B00E36646 /* Test02.input */,
				831A8D351533475B00E36646 /* Test02.output */,
			);
			path = import;
			sourceTree = "<group>";
		};
		838CA65E152DB08F0013C064 = {
			isa = PBXGroup;
			children = (
				831A8D2C15332D8D00E36646 /* README.md */,
				838CA67B152DB0BF0013C064 /* Tipi Core Library */,
				831A8D1C153329DF00E36646 /* Tipi Tests */,
				830EF9131538811400394C57 /* Test Harness */,
				830EF8EC153880A100394C57 /* TipiOS (iPhone, iPod touch, iPad) */,
				830EF91F1538816300394C57 /* TipiOSX (Lion) */,
				838CA66C152DB08F0013C064 /* Frameworks */,
				838CA66A152DB08F0013C064 /* Products */,
			);
			sourceTree = "<group>";
		};
		838CA66A152DB08F0013C064 /* Products */ = {
			isa = PBXGroup;
			children = (
				838CA669152DB08F0013C064 /* TipiTest */,
				830EF8EA153880A100394C57 /* libTipiOS.a */,
				830EF9181538816300394C57 /* libTipiOSX.a */,
			);
			name = Products;
			sourceTree = "<group>";
		};
		838CA66C152DB08F0013C064 /* Frameworks */ = {
			isa = PBXGroup;
			children = (
				830EF9281538816D00394C57 /* libicucore.dylib */,
				838CA68D152DB6920013C064 /* libicucore.dylib */,
				838CA66D152DB08F0013C064 /* Foundation.framework */,
				830EF9191538816300394C57 /* Cocoa.framework */,
				830EF91B1538816300394C57 /* Other Frameworks */,
			);
			name = Frameworks;
			sourceTree = "<group>";
		};
		838CA672152DB08F0013C064 /* Supporting Files */ = {
			isa = PBXGroup;
			children = (
				838CA673152DB08F0013C064 /* Tipi-Prefix.pch */,
			);
			name = "Supporting Files";
			sourceTree = "<group>";
		};
		838CA67B152DB0BF0013C064 /* Tipi Core Library */ = {
			isa = PBXGroup;
			children = (
				838CA722152DBA560013C064 /* Helpers */,
				838CA721152DBA4B0013C064 /* Parsers */,
				83DC136C153050D8005FCB72 /* Tipi.h */,
			);
			name = "Tipi Core Library";
			path = Tipi;
			sourceTree = "<group>";
		};
		838CA692152DB8A00013C064 /* Discount */ = {
			isa = PBXGroup;
			children = (
				838CA693152DB8A10013C064 /* discount */,
				838CA6F8152DB8A10013C064 /* discount-config */,
				838CA6FD152DB8A10013C064 /* discount_wrappers */,
			);
			path = Discount;
			sourceTree = SOURCE_ROOT;
		};
		838CA693152DB8A10013C064 /* discount */ = {
			isa = PBXGroup;
			children = (
				838CA694152DB8A10013C064 /* amalloc.c */,
				838CA695152DB8A10013C064 /* amalloc.h */,
				838CA696152DB8A10013C064 /* basename.c */,
				838CA69B152DB8A10013C064 /* Csio.c */,
				838CA69C152DB8A10013C064 /* css.c */,
				838CA69D152DB8A10013C064 /* cstring.h */,
				838CA69E152DB8A10013C064 /* docheader.c */,
				838CA69F152DB8A10013C064 /* dumptree.c */,
				838CA6A0152DB8A10013C064 /* emmatch.c */,
				838CA6A1152DB8A10013C064 /* flags.c */,
				838CA6A2152DB8A10013C064 /* generate.c */,
				838CA6A3152DB8A10013C064 /* html5.c */,
				838CA6AC152DB8A10013C064 /* markdown.c */,
				838CA6AD152DB8A10013C064 /* markdown.h */,
				838CA6B4152DB8A10013C064 /* mkdio.c */,
				838CA6BD152DB8A10013C064 /* resource.c */,
				838CA6BE152DB8A10013C064 /* setup.c */,
				838CA6BF152DB8A10013C064 /* tags.c */,
				838CA6C0152DB8A10013C064 /* tags.h */,
				838CA6EF152DB8A10013C064 /* toc.c */,
				838CA6F6152DB8A10013C064 /* xml.c */,
				838CA6F7152DB8A10013C064 /* xmlpage.c */,
			);
			path = discount;
			sourceTree = "<group>";
		};
		838CA6F8152DB8A10013C064 /* discount-config */ = {
			isa = PBXGroup;
			children = (
				838CA6F9152DB8A10013C064 /* config.h */,
				838CA6FA152DB8A10013C064 /* mkdio.h */,
			);
			path = "discount-config";
			sourceTree = "<group>";
		};
		838CA6FD152DB8A10013C064 /* discount_wrappers */ = {
			isa = PBXGroup;
			children = (
				838CA6FE152DB8A10013C064 /* Discount.h */,
				838CA6FF152DB8A10013C064 /* discountWrapper.h */,
				838CA700152DB8A10013C064 /* discountWrapper.m */,
				838CA701152DB8A10013C064 /* markdownWrapper.c */,
				838CA702152DB8A10013C064 /* markdownWrapper.h */,
				838CA703152DB8A10013C064 /* mkdioWrapper.c */,
				838CA704152DB8A10013C064 /* mkdioWrapper.h */,
			);
			path = discount_wrappers;
			sourceTree = "<group>";
		};
		838CA721152DBA4B0013C064 /* Parsers */ = {
			isa = PBXGroup;
			children = (
				838CA67C152DB0DA0013C064 /* TPDataParser.h */,
				838CA67D152DB0DA0013C064 /* TPDataParser.m */,
				838CA67F152DB11E0013C064 /* TPTextDataParser.h */,
				838CA680152DB11E0013C064 /* TPTextDataParser.m */,
				838CA68F152DB7BA0013C064 /* TPMarkdownDataParser.h */,
				838CA690152DB7BB0013C064 /* TPMarkdownDataParser.m */,
				838CA724152DBEEB0013C064 /* TPTemplateParser.h */,
				838CA725152DBEEB0013C064 /* TPTemplateParser.m */,
				838CA727152DC02D0013C064 /* TPTemplateNode.h */,
				838CA728152DC02D0013C064 /* TPTemplateNode.m */,
			);
			name = Parsers;
			sourceTree = "<group>";
		};
		838CA722152DBA560013C064 /* Helpers */ = {
			isa = PBXGroup;
			children = (
				838CA692152DB8A00013C064 /* Discount */,
				838CA68A152DB59F0013C064 /* RegexKitLite.h */,
				838CA68B152DB59F0013C064 /* RegexKitLite.m */,
				838CA687152DB55C0013C064 /* NSString+Tipi.h */,
				838CA688152DB55C0013C064 /* NSString+Tipi.m */,
				83DC136E15305157005FCB72 /* NSArray+Tipi.h */,
				83DC136F15305157005FCB72 /* NSArray+Tipi.m */,
			);
			name = Helpers;
			sourceTree = "<group>";
		};
/* End PBXGroup section */

/* Begin PBXHeadersBuildPhase section */
		830EF8E8153880A100394C57 /* Headers */ = {
			isa = PBXHeadersBuildPhase;
			buildActionMask = 2147483647;
			files = (
			);
			runOnlyForDeploymentPostprocessing = 0;
		};
		830EF9161538816300394C57 /* Headers */ = {
			isa = PBXHeadersBuildPhase;
			buildActionMask = 2147483647;
			files = (
			);
			runOnlyForDeploymentPostprocessing = 0;
		};
/* End PBXHeadersBuildPhase section */

/* Begin PBXNativeTarget section */
		830EF8E9153880A100394C57 /* TipiOS */ = {
			isa = PBXNativeTarget;
			buildConfigurationList = 830EF8F4153880A100394C57 /* Build configuration list for PBXNativeTarget "TipiOS" */;
			buildPhases = (
				830EF8E6153880A100394C57 /* Sources */,
				830EF8E7153880A100394C57 /* Frameworks */,
				830EF8E8153880A100394C57 /* Headers */,
			);
			buildRules = (
			);
			dependencies = (
			);
			name = TipiOS;
			productName = TipiOS;
			productReference = 830EF8EA153880A100394C57 /* libTipiOS.a */;
			productType = "com.apple.product-type.library.static";
		};
		830EF9171538816300394C57 /* TipiOSX */ = {
			isa = PBXNativeTarget;
			buildConfigurationList = 830EF9251538816300394C57 /* Build configuration list for PBXNativeTarget "TipiOSX" */;
			buildPhases = (
				830EF9141538816300394C57 /* Sources */,
				830EF9151538816300394C57 /* Frameworks */,
				830EF9161538816300394C57 /* Headers */,
			);
			buildRules = (
			);
			dependencies = (
			);
			name = TipiOSX;
			productName = TipiOSX;
			productReference = 830EF9181538816300394C57 /* libTipiOSX.a */;
			productType = "com.apple.product-type.library.static";
		};
		838CA668152DB08F0013C064 /* TipiTest */ = {
			isa = PBXNativeTarget;
			buildConfigurationList = 838CA678152DB08F0013C064 /* Build configuration list for PBXNativeTarget "TipiTest" */;
			buildPhases = (
				838CA665152DB08F0013C064 /* Sources */,
				838CA666152DB08F0013C064 /* Frameworks */,
				838CA667152DB08F0013C064 /* CopyFiles */,
			);
			buildRules = (
			);
			dependencies = (
			);
			name = TipiTest;
			productName = Tipi;
			productReference = 838CA669152DB08F0013C064 /* TipiTest */;
			productType = "com.apple.product-type.tool";
		};
/* End PBXNativeTarget section */

/* Begin PBXProject section */
		838CA660152DB08F0013C064 /* Project object */ = {
			isa = PBXProject;
			attributes = {
				LastUpgradeCheck = 0430;
				ORGANIZATIONNAME = "hiddenMemory Ltd.";
			};
			buildConfigurationList = 838CA663152DB08F0013C064 /* Build configuration list for PBXProject "Tipi" */;
			compatibilityVersion = "Xcode 3.2";
			developmentRegion = English;
			hasScannedForEncodings = 0;
			knownRegions = (
				en,
			);
			mainGroup = 838CA65E152DB08F0013C064;
			productRefGroup = 838CA66A152DB08F0013C064 /* Products */;
			projectDirPath = "";
			projectRoot = "";
			targets = (
				838CA668152DB08F0013C064 /* TipiTest */,
				830EF8E9153880A100394C57 /* TipiOS */,
				830EF9171538816300394C57 /* TipiOSX */,
			);
		};
/* End PBXProject section */

/* Begin PBXSourcesBuildPhase section */
		830EF8E6153880A100394C57 /* Sources */ = {
			isa = PBXSourcesBuildPhase;
			buildActionMask = 2147483647;
			files = (
				830EF8F6153880E000394C57 /* amalloc.c in Sources */,
				830EF8F7153880E000394C57 /* basename.c in Sources */,
				830EF8F8153880E000394C57 /* Csio.c in Sources */,
				830EF8F9153880E000394C57 /* css.c in Sources */,
				830EF8FA153880E000394C57 /* docheader.c in Sources */,
				830EF8FB153880E000394C57 /* dumptree.c in Sources */,
				830EF8FC153880E000394C57 /* emmatch.c in Sources */,
				830EF8FD153880E000394C57 /* flags.c in Sources */,
				830EF8FE153880E000394C57 /* generate.c in Sources */,
				830EF8FF153880E000394C57 /* html5.c in Sources */,
				830EF900153880E000394C57 /* markdown.c in Sources */,
				830EF901153880E000394C57 /* mkdio.c in Sources */,
				830EF902153880E000394C57 /* resource.c in Sources */,
				830EF903153880E000394C57 /* setup.c in Sources */,
				830EF904153880E000394C57 /* tags.c in Sources */,
				830EF905153880E000394C57 /* toc.c in Sources */,
				830EF906153880E000394C57 /* xml.c in Sources */,
				830EF907153880E000394C57 /* xmlpage.c in Sources */,
				830EF908153880E000394C57 /* discountWrapper.m in Sources */,
				830EF909153880E000394C57 /* markdownWrapper.c in Sources */,
				830EF90A153880E000394C57 /* mkdioWrapper.c in Sources */,
				830EF90B153880E000394C57 /* RegexKitLite.m in Sources */,
				830EF90C153880E000394C57 /* NSString+Tipi.m in Sources */,
				830EF90D153880E000394C57 /* NSArray+Tipi.m in Sources */,
				830EF90E153880E000394C57 /* TPDataParser.m in Sources */,
				830EF90F153880E000394C57 /* TPTextDataParser.m in Sources */,
				830EF910153880E000394C57 /* TPMarkdownDataParser.m in Sources */,
				830EF911153880E000394C57 /* TPTemplateParser.m in Sources */,
				830EF912153880E000394C57 /* TPTemplateNode.m in Sources */,
				830EF8F1153880A100394C57 /* TipiOS.m in Sources */,
			);
			runOnlyForDeploymentPostprocessing = 0;
		};
		830EF9141538816300394C57 /* Sources */ = {
			isa = PBXSourcesBuildPhase;
			buildActionMask = 2147483647;
			files = (
				830EF92A1538818600394C57 /* amalloc.c in Sources */,
				830EF92B1538818600394C57 /* basename.c in Sources */,
				830EF92C1538818600394C57 /* Csio.c in Sources */,
				830EF92D1538818600394C57 /* css.c in Sources */,
				830EF92E1538818600394C57 /* docheader.c in Sources */,
				830EF92F1538818600394C57 /* dumptree.c in Sources */,
				830EF9301538818600394C57 /* emmatch.c in Sources */,
				830EF9311538818600394C57 /* flags.c in Sources */,
				830EF9321538818600394C57 /* generate.c in Sources */,
				830EF9331538818600394C57 /* html5.c in Sources */,
				830EF9341538818600394C57 /* markdown.c in Sources */,
				830EF9351538818600394C57 /* mkdio.c in Sources */,
				830EF9361538818600394C57 /* resource.c in Sources */,
				830EF9371538818600394C57 /* setup.c in Sources */,
				830EF9381538818600394C57 /* tags.c in Sources */,
				830EF9391538818600394C57 /* toc.c in Sources */,
				830EF93A1538818600394C57 /* xml.c in Sources */,
				830EF93B1538818600394C57 /* xmlpage.c in Sources */,
				830EF93C1538818600394C57 /* discountWrapper.m in Sources */,
				830EF93D1538818600394C57 /* markdownWrapper.c in Sources */,
				830EF93E1538818600394C57 /* mkdioWrapper.c in Sources */,
				830EF93F1538818600394C57 /* RegexKitLite.m in Sources */,
				830EF9401538818600394C57 /* NSString+Tipi.m in Sources */,
				830EF9411538818600394C57 /* NSArray+Tipi.m in Sources */,
				830EF9421538818600394C57 /* TPDataParser.m in Sources */,
				830EF9431538818600394C57 /* TPTextDataParser.m in Sources */,
				830EF9441538818600394C57 /* TPMarkdownDataParser.m in Sources */,
				830EF9451538818600394C57 /* TPTemplateParser.m in Sources */,
				830EF9461538818600394C57 /* TPTemplateNode.m in Sources */,
				830EF9241538816300394C57 /* TipiOSX.m in Sources */,
			);
			runOnlyForDeploymentPostprocessing = 0;
		};
		838CA665152DB08F0013C064 /* Sources */ = {
			isa = PBXSourcesBuildPhase;
			buildActionMask = 2147483647;
			files = (
				838CA671152DB08F0013C064 /* main.m in Sources */,
			);
			runOnlyForDeploymentPostprocessing = 0;
		};
/* End PBXSourcesBuildPhase section */

/* Begin XCBuildConfiguration section */
		830EF8F2153880A100394C57 /* Debug */ = {
			isa = XCBuildConfiguration;
			buildSettings = {
				ARCHS = "$(ARCHS_STANDARD_32_BIT)";
				DSTROOT = /tmp/TipiOS.dst;
				GCC_PRECOMPILE_PREFIX_HEADER = YES;
				GCC_PREFIX_HEADER = "TipiOS/TipiOS-Prefix.pch";
				IPHONEOS_DEPLOYMENT_TARGET = 5.1;
				OTHER_LDFLAGS = "-ObjC";
				PRODUCT_NAME = "$(TARGET_NAME)";
				SDKROOT = iphoneos;
				SKIP_INSTALL = YES;
			};
			name = Debug;
		};
		830EF8F3153880A100394C57 /* Release */ = {
			isa = XCBuildConfiguration;
			buildSettings = {
				ARCHS = "$(ARCHS_STANDARD_32_BIT)";
				DSTROOT = /tmp/TipiOS.dst;
				GCC_PRECOMPILE_PREFIX_HEADER = YES;
				GCC_PREFIX_HEADER = "TipiOS/TipiOS-Prefix.pch";
				IPHONEOS_DEPLOYMENT_TARGET = 5.1;
				OTHER_LDFLAGS = "-ObjC";
				PRODUCT_NAME = "$(TARGET_NAME)";
				SDKROOT = iphoneos;
				SKIP_INSTALL = YES;
				VALIDATE_PRODUCT = YES;
			};
			name = Release;
		};
		830EF9261538816300394C57 /* Debug */ = {
			isa = XCBuildConfiguration;
			buildSettings = {
				GCC_PRECOMPILE_PREFIX_HEADER = YES;
				GCC_PREFIX_HEADER = "TipiOSX/TipiOSX-Prefix.pch";
				PRODUCT_NAME = "$(TARGET_NAME)";
			};
			name = Debug;
		};
		830EF9271538816300394C57 /* Release */ = {
			isa = XCBuildConfiguration;
			buildSettings = {
				GCC_PRECOMPILE_PREFIX_HEADER = YES;
				GCC_PREFIX_HEADER = "TipiOSX/TipiOSX-Prefix.pch";
				PRODUCT_NAME = "$(TARGET_NAME)";
			};
			name = Release;
		};
		838CA676152DB08F0013C064 /* Debug */ = {
			isa = XCBuildConfiguration;
			buildSettings = {
				ALWAYS_SEARCH_USER_PATHS = NO;
				ARCHS = "$(ARCHS_STANDARD_64_BIT)";
				CLANG_ENABLE_OBJC_ARC = YES;
				COPY_PHASE_STRIP = NO;
				GCC_C_LANGUAGE_STANDARD = gnu99;
				GCC_DYNAMIC_NO_PIC = NO;
				GCC_ENABLE_OBJC_EXCEPTIONS = YES;
				GCC_OPTIMIZATION_LEVEL = 0;
				GCC_PREPROCESSOR_DEFINITIONS = (
					"DEBUG=1",
					"$(inherited)",
				);
				GCC_SYMBOLS_PRIVATE_EXTERN = NO;
				GCC_VERSION = com.apple.compilers.llvm.clang.1_0;
				GCC_WARN_64_TO_32_BIT_CONVERSION = YES;
				GCC_WARN_ABOUT_RETURN_TYPE = YES;
				GCC_WARN_UNINITIALIZED_AUTOS = YES;
				GCC_WARN_UNUSED_VARIABLE = YES;
				MACOSX_DEPLOYMENT_TARGET = 10.7;
				ONLY_ACTIVE_ARCH = YES;
				SDKROOT = macosx;
			};
			name = Debug;
		};
		838CA677152DB08F0013C064 /* Release */ = {
			isa = XCBuildConfiguration;
			buildSettings = {
				ALWAYS_SEARCH_USER_PATHS = NO;
				ARCHS = "$(ARCHS_STANDARD_64_BIT)";
				CLANG_ENABLE_OBJC_ARC = YES;
				COPY_PHASE_STRIP = YES;
				DEBUG_INFORMATION_FORMAT = "dwarf-with-dsym";
				GCC_C_LANGUAGE_STANDARD = gnu99;
				GCC_ENABLE_OBJC_EXCEPTIONS = YES;
				GCC_VERSION = com.apple.compilers.llvm.clang.1_0;
				GCC_WARN_64_TO_32_BIT_CONVERSION = YES;
				GCC_WARN_ABOUT_RETURN_TYPE = YES;
				GCC_WARN_UNINITIALIZED_AUTOS = YES;
				GCC_WARN_UNUSED_VARIABLE = YES;
				MACOSX_DEPLOYMENT_TARGET = 10.7;
				SDKROOT = macosx;
			};
			name = Release;
		};
		838CA679152DB08F0013C064 /* Debug */ = {
			isa = XCBuildConfiguration;
			buildSettings = {
				GCC_PRECOMPILE_PREFIX_HEADER = YES;
				GCC_PREFIX_HEADER = "Tipi/Tipi-Prefix.pch";
				HEADER_SEARCH_PATHS = "Discount/**";
				OTHER_LDFLAGS = "-ObjC";
				PRODUCT_NAME = "$(TARGET_NAME)";
			};
			name = Debug;
		};
		838CA67A152DB08F0013C064 /* Release */ = {
			isa = XCBuildConfiguration;
			buildSettings = {
				GCC_PRECOMPILE_PREFIX_HEADER = YES;
				GCC_PREFIX_HEADER = "Tipi/Tipi-Prefix.pch";
				HEADER_SEARCH_PATHS = "Discount/**";
				OTHER_LDFLAGS = "-ObjC";
				PRODUCT_NAME = "$(TARGET_NAME)";
			};
			name = Release;
		};
/* End XCBuildConfiguration section */

/* Begin XCConfigurationList section */
		830EF8F4153880A100394C57 /* Build configuration list for PBXNativeTarget "TipiOS" */ = {
			isa = XCConfigurationList;
			buildConfigurations = (
				830EF8F2153880A100394C57 /* Debug */,
				830EF8F3153880A100394C57 /* Release */,
			);
			defaultConfigurationIsVisible = 0;
		};
		830EF9251538816300394C57 /* Build configuration list for PBXNativeTarget "TipiOSX" */ = {
			isa = XCConfigurationList;
			buildConfigurations = (
				830EF9261538816300394C57 /* Debug */,
				830EF9271538816300394C57 /* Release */,
			);
			defaultConfigurationIsVisible = 0;
		};
		838CA663152DB08F0013C064 /* Build configuration list for PBXProject "Tipi" */ = {
			isa = XCConfigurationList;
			buildConfigurations = (
				838CA676152DB08F0013C064 /* Debug */,
				838CA677152DB08F0013C064 /* Release */,
			);
			defaultConfigurationIsVisible = 0;
			defaultConfigurationName = Release;
		};
		838CA678152DB08F0013C064 /* Build configuration list for PBXNativeTarget "TipiTest" */ = {
			isa = XCConfigurationList;
			buildConfigurations = (
				838CA679152DB08F0013C064 /* Debug */,
				838CA67A152DB08F0013C064 /* Release */,
			);
			defaultConfigurationIsVisible = 0;
			defaultConfigurationName = Release;
		};
/* End XCConfigurationList section */
	};
	rootObject = 838CA660152DB08F0013C064 /* Project object */;
}
